
Microsoft Visual Studio Solution File, Format Version 12.00
# Visual Studio Version 16
VisualStudioVersion = 16.0.30011.22
MinimumVisualStudioVersion = 10.0.40219.1
Project("{9A19103F-16F7-4668-BE54-9A1E7A4F7556}") = "IM.Web", "IM.Web\IM.Web.csproj", "{4C52727E-6FB3-49E2-A86F-D52DA4685980}"
EndProject
Project("{FAE04EC0-301F-11D3-BF4B-00C04F79EFBC}") = "IM.Tests", "IM.Tests\IM.Tests.csproj", "{8BCA9F78-7BE7-467B-8BCB-A2962AF42161}"
EndProject
Global
	GlobalSection(SolutionConfigurationPlatforms) = preSolution
		Debug|Any CPU = Debug|Any CPU
		Release|Any CPU = Release|Any CPU
	EndGlobalSection
	GlobalSection(ProjectConfigurationPlatforms) = postSolution
		{4C52727E-6FB3-49E2-A86F-D52DA4685980}.Debug|Any CPU.ActiveCfg = Debug|Any CPU
		{4C52727E-6FB3-49E2-A86F-D52DA4685980}.Debug|Any CPU.Build.0 = Debug|Any CPU
		{4C52727E-6FB3-49E2-A86F-D52DA4685980}.Release|Any CPU.ActiveCfg = Release|Any CPU
		{4C52727E-6FB3-49E2-A86F-D52DA4685980}.Release|Any CPU.Build.0 = Release|Any CPU
		{8BCA9F78-7BE7-467B-8BCB-A2962AF42161}.Debug|Any CPU.ActiveCfg = Debug|Any CPU
		{8BCA9F78-7BE7-467B-8BCB-A2962AF42161}.Debug|Any CPU.Build.0 = Debug|Any CPU
		{8BCA9F78-7BE7-467B-8BCB-A2962AF42161}.Release|Any CPU.ActiveCfg = Release|Any CPU
		{8BCA9F78-7BE7-467B-8BCB-A2962AF42161}.Release|Any CPU.Build.0 = Release|Any CPU
	EndGlobalSection
	GlobalSection(SolutionProperties) = preSolution
		HideSolutionNode = FALSE
	EndGlobalSection
	GlobalSection(ExtensibilityGlobals) = postSolution
		SolutionGuid = {9540582F-1434-43D0-B8C2-E4904B9432C5}
	EndGlobalSection
EndGlobal
